
Microsoft Visual Studio Solution File, Format Version 12.00
# Visual Studio Version 17
VisualStudioVersion = 17.8.34330.188
MinimumVisualStudioVersion = 10.0.40219.1
Project("{8BC9CEB8-8B4A-11D0-8D11-00A0C91BC942}") = "17. Letter Combinations of a Phone Number", "17. Letter Combinations of a Phone Number\17. Letter Combinations of a Phone Number.vcxproj", "{1977CC1D-ACA1-4317-9CD2-0A8FA1AA1C9E}"
EndProject
Global
	GlobalSection(SolutionConfigurationPlatforms) = preSolution
		Debug|x64 = Debug|x64
		Debug|x86 = Debug|x86
		Release|x64 = Release|x64
		Release|x86 = Release|x86
	EndGlobalSection
	GlobalSection(ProjectConfigurationPlatforms) = postSolution
		{1977CC1D-ACA1-4317-9CD2-0A8FA1AA1C9E}.Debug|x64.ActiveCfg = Debug|x64
		{1977CC1D-ACA1-4317-9CD2-0A8FA1AA1C9E}.Debug|x64.Build.0 = Debug|x64
		{1977CC1D-ACA1-4317-9CD2-0A8FA1AA1C9E}.Debug|x86.ActiveCfg = Debug|Win32
		{1977CC1D-ACA1-4317-9CD2-0A8FA1AA1C9E}.Debug|x86.Build.0 = Debug|Win32
		{1977CC1D-ACA1-4317-9CD2-0A8FA1AA1C9E}.Release|x64.ActiveCfg = Release|x64
		{1977CC1D-ACA1-4317-9CD2-0A8FA1AA1C9E}.Release|x64.Build.0 = Release|x64
		{1977CC1D-ACA1-4317-9CD2-0A8FA1AA1C9E}.Release|x86.ActiveCfg = Release|Win32
		{1977CC1D-ACA1-4317-9CD2-0A8FA1AA1C9E}.Release|x86.Build.0 = Release|Win32
	EndGlobalSection
	GlobalSection(SolutionProperties) = preSolution
		HideSolutionNode = FALSE
	EndGlobalSection
	GlobalSection(ExtensibilityGlobals) = postSolution
		SolutionGuid = {16074065-65E2-4302-949B-938D6C6D6AA7}
	EndGlobalSection
EndGlobal
