
Microsoft Visual Studio Solution File, Format Version 12.00
# Visual Studio Version 17
VisualStudioVersion = 17.8.34330.188
MinimumVisualStudioVersion = 10.0.40219.1
Project("{8BC9CEB8-8B4A-11D0-8D11-00A0C91BC942}") = "13. Roman to Integer", "13. Roman to Integer\13. Roman to Integer.vcxproj", "{B15E15AF-642A-48B0-8EC8-ACFA0382CA61}"
EndProject
Global
	GlobalSection(SolutionConfigurationPlatforms) = preSolution
		Debug|x64 = Debug|x64
		Debug|x86 = Debug|x86
		Release|x64 = Release|x64
		Release|x86 = Release|x86
	EndGlobalSection
	GlobalSection(ProjectConfigurationPlatforms) = postSolution
		{B15E15AF-642A-48B0-8EC8-ACFA0382CA61}.Debug|x64.ActiveCfg = Debug|x64
		{B15E15AF-642A-48B0-8EC8-ACFA0382CA61}.Debug|x64.Build.0 = Debug|x64
		{B15E15AF-642A-48B0-8EC8-ACFA0382CA61}.Debug|x86.ActiveCfg = Debug|Win32
		{B15E15AF-642A-48B0-8EC8-ACFA0382CA61}.Debug|x86.Build.0 = Debug|Win32
		{B15E15AF-642A-48B0-8EC8-ACFA0382CA61}.Release|x64.ActiveCfg = Release|x64
		{B15E15AF-642A-48B0-8EC8-ACFA0382CA61}.Release|x64.Build.0 = Release|x64
		{B15E15AF-642A-48B0-8EC8-ACFA0382CA61}.Release|x86.ActiveCfg = Release|Win32
		{B15E15AF-642A-48B0-8EC8-ACFA0382CA61}.Release|x86.Build.0 = Release|Win32
	EndGlobalSection
	GlobalSection(SolutionProperties) = preSolution
		HideSolutionNode = FALSE
	EndGlobalSection
	GlobalSection(ExtensibilityGlobals) = postSolution
		SolutionGuid = {EEDA61DC-AEC1-4A12-BDB0-6D787140D3AA}
	EndGlobalSection
EndGlobal
