
Microsoft Visual Studio Solution File, Format Version 12.00
# Visual Studio Version 17
VisualStudioVersion = 17.8.34330.188
MinimumVisualStudioVersion = 10.0.40219.1
Project("{8BC9CEB8-8B4A-11D0-8D11-00A0C91BC942}") = "20. Valid Parentheses", "20. Valid Parentheses\20. Valid Parentheses.vcxproj", "{DA78B396-0BCD-43C7-9CAB-A676E06BABEE}"
EndProject
Global
	GlobalSection(SolutionConfigurationPlatforms) = preSolution
		Debug|x64 = Debug|x64
		Debug|x86 = Debug|x86
		Release|x64 = Release|x64
		Release|x86 = Release|x86
	EndGlobalSection
	GlobalSection(ProjectConfigurationPlatforms) = postSolution
		{DA78B396-0BCD-43C7-9CAB-A676E06BABEE}.Debug|x64.ActiveCfg = Debug|x64
		{DA78B396-0BCD-43C7-9CAB-A676E06BABEE}.Debug|x64.Build.0 = Debug|x64
		{DA78B396-0BCD-43C7-9CAB-A676E06BABEE}.Debug|x86.ActiveCfg = Debug|Win32
		{DA78B396-0BCD-43C7-9CAB-A676E06BABEE}.Debug|x86.Build.0 = Debug|Win32
		{DA78B396-0BCD-43C7-9CAB-A676E06BABEE}.Release|x64.ActiveCfg = Release|x64
		{DA78B396-0BCD-43C7-9CAB-A676E06BABEE}.Release|x64.Build.0 = Release|x64
		{DA78B396-0BCD-43C7-9CAB-A676E06BABEE}.Release|x86.ActiveCfg = Release|Win32
		{DA78B396-0BCD-43C7-9CAB-A676E06BABEE}.Release|x86.Build.0 = Release|Win32
	EndGlobalSection
	GlobalSection(SolutionProperties) = preSolution
		HideSolutionNode = FALSE
	EndGlobalSection
	GlobalSection(ExtensibilityGlobals) = postSolution
		SolutionGuid = {9E614FFF-6E51-4E67-8FA1-29A4CC511E9E}
	EndGlobalSection
EndGlobal
